
Microsoft Visual Studio Solution File, Format Version 12.00
# Visual Studio Version 18
VisualStudioVersion = 18.5.11626.173
MinimumVisualStudioVersion = 10.0.40219.1
Project("{2150E333-8FDC-42A3-9474-1A3956D46DE8}") = "Solution Items", "Solution Items", "{BC2DA9E9-806C-4490-8467-27D7EEF36238}"
	ProjectSection(SolutionItems) = preProject
		.editorconfig = .editorconfig
		.gitignore = .gitignore
		README.md = README.md
	EndProjectSection
EndProject
Project("{2150E333-8FDC-42A3-9474-1A3956D46DE8}") = "src", "src", "{1E8D2338-4A96-46D4-8BBE-ACAD7C6D1C7E}"
	ProjectSection(SolutionItems) = preProject
		src\README.md = src\README.md
	EndProjectSection
EndProject
Project("{2150E333-8FDC-42A3-9474-1A3956D46DE8}") = "AppHosts", "AppHosts", "{F1E3D1B0-8B09-4C61-8C4F-8F80573B2C61}"
EndProject
Project("{2150E333-8FDC-42A3-9474-1A3956D46DE8}") = "Tenant", "Tenant", "{E0C71D9C-9B54-4C66-B0A8-AB88D22D74D2}"
EndProject
Project("{2150E333-8FDC-42A3-9474-1A3956D46DE8}") = "Platform", "Platform", "{1535D0F2-287C-4E77-9D28-9D0533C809C2}"
EndProject
Project("{2150E333-8FDC-42A3-9474-1A3956D46DE8}") = "Shared", "Shared", "{6F8CBBF6-90F3-4A21-BCCB-548D1AF5C7B6}"
EndProject
Project("{2150E333-8FDC-42A3-9474-1A3956D46DE8}") = "tests", "tests", "{38F165E2-C6B5-40A3-A11B-F0F425CB91F4}"
	ProjectSection(SolutionItems) = preProject
		tests\README.md = tests\README.md
	EndProjectSection
EndProject
Project("{2150E333-8FDC-42A3-9474-1A3956D46DE8}") = "build", "build", "{E1A9C89B-B32D-4493-B37C-386BFF0E8805}"
	ProjectSection(SolutionItems) = preProject
		build\format-check.ps1 = build\format-check.ps1
		build\provision-local.ps1 = build\provision-local.ps1
		build\README.md = build\README.md
	EndProjectSection
EndProject
Project("{2150E333-8FDC-42A3-9474-1A3956D46DE8}") = "docs", "docs", "{0A654D36-868D-4A5A-8C47-BD892C08FB09}"
	ProjectSection(SolutionItems) = preProject
		docs\README.md = docs\README.md
	EndProjectSection
EndProject
Project("{2150E333-8FDC-42A3-9474-1A3956D46DE8}") = "architecture", "architecture", "{59D787F9-243C-473A-88E4-514A56112988}"
	ProjectSection(SolutionItems) = preProject
		docs\architecture\background-jobs.md = docs\architecture\background-jobs.md
		docs\architecture\caching-strategy.md = docs\architecture\caching-strategy.md
		docs\architecture\customers-coverage-audit.md = docs\architecture\customers-coverage-audit.md
		docs\architecture\module-framework.md = docs\architecture\module-framework.md
		docs\architecture\module-startup-orchestration.md = docs\architecture\module-startup-orchestration.md
		docs\architecture\new-module-checklist.md = docs\architecture\new-module-checklist.md
		docs\architecture\README.md = docs\architecture\README.md
	EndProjectSection
EndProject
Project("{2150E333-8FDC-42A3-9474-1A3956D46DE8}") = "adr", "adr", "{7349594C-8A04-4D4F-AB39-438AC7EF14A0}"
	ProjectSection(SolutionItems) = preProject
		docs\adr\ADR-001-use-modular-monolith.md = docs\adr\ADR-001-use-modular-monolith.md
		docs\adr\ADR-002-use-database-per-tenant.md = docs\adr\ADR-002-use-database-per-tenant.md
		docs\adr\ADR-003-use-unified-rpc-endpoint.md = docs\adr\ADR-003-use-unified-rpc-endpoint.md
		docs\adr\ADR-004-use-cookie-auth-initially.md = docs\adr\ADR-004-use-cookie-auth-initially.md
		docs\adr\ADR-005-use-blazor-wasm-pwa.md = docs\adr\ADR-005-use-blazor-wasm-pwa.md
		docs\adr\README.md = docs\adr\README.md
	EndProjectSection
EndProject
Project("{2150E333-8FDC-42A3-9474-1A3956D46DE8}") = "roadmap", "roadmap", "{85609325-4CFD-4D86-9F8F-B8D5EE4B6B7B}"
	ProjectSection(SolutionItems) = preProject
		docs\roadmap\README.md = docs\roadmap\README.md
	EndProjectSection
EndProject
Project("{2150E333-8FDC-42A3-9474-1A3956D46DE8}") = "gpt", "gpt", "{99C4CC4D-84A7-437E-B13A-E6A46673BF10}"
	ProjectSection(SolutionItems) = preProject
		docs\gpt\01-project-vision.md = docs\gpt\01-project-vision.md
		docs\gpt\02-architecture-rules.md = docs\gpt\02-architecture-rules.md
		docs\gpt\03-solution-structure.md = docs\gpt\03-solution-structure.md
		docs\gpt\05-auth-and-tenancy.md = docs\gpt\05-auth-and-tenancy.md
		docs\gpt\08-current-roadmap.md = docs\gpt\08-current-roadmap.md
	EndProjectSection
EndProject
Project("{2150E333-8FDC-42A3-9474-1A3956D46DE8}") = ".github", ".github", "{646F6EF2-8B02-4D81-A4A6-7B3FC7EC2BDE}"
	ProjectSection(SolutionItems) = preProject
		.github\copilot-instructions.md = .github\copilot-instructions.md
		.github\workflows\ci.yml = .github\workflows\ci.yml
	EndProjectSection
EndProject
Project("{FAE04EC0-301F-11D3-BF4B-00C04F79EFBC}") = "CoreKit.AppHost.Server", "src\AppHosts\Tenant\CoreKit.AppHost.Server\CoreKit.AppHost.Server.csproj", "{BBA79E95-B89A-4348-B342-490B092C547F}"
EndProject
Project("{FAE04EC0-301F-11D3-BF4B-00C04F79EFBC}") = "CoreKit.AppHost.Client", "src\AppHosts\Tenant\CoreKit.AppHost.Client\CoreKit.AppHost.Client.csproj", "{752695D1-F010-4002-850D-918D30EBB625}"
EndProject
Project("{FAE04EC0-301F-11D3-BF4B-00C04F79EFBC}") = "CoreKit.AppHost.Contracts", "src\AppHosts\Shared\CoreKit.AppHost.Contracts\CoreKit.AppHost.Contracts.csproj", "{267CB0BE-A5BB-475F-8131-3A8B67177C00}"
EndProject
Project("{2150E333-8FDC-42A3-9474-1A3956D46DE8}") = "BuildingBlocks", "BuildingBlocks", "{8D0C72A4-CD95-A769-034A-1ABBB2AB40FF}"
	ProjectSection(SolutionItems) = preProject
		src\BuildingBlocks\README.md = src\BuildingBlocks\README.md
	EndProjectSection
EndProject
Project("{FAE04EC0-301F-11D3-BF4B-00C04F79EFBC}") = "CoreKit.BuildingBlocks.Infrastructure", "src\BuildingBlocks\CoreKit.BuildingBlocks.Infrastructure\CoreKit.BuildingBlocks.Infrastructure.csproj", "{4AD2D563-B8C3-4865-B4BF-5439F724AE9A}"
EndProject
Project("{FAE04EC0-301F-11D3-BF4B-00C04F79EFBC}") = "CoreKit.BuildingBlocks.Domain", "src\BuildingBlocks\CoreKit.BuildingBlocks.Domain\CoreKit.BuildingBlocks.Domain.csproj", "{5571E3F2-1311-4CFB-89C2-48D3346A920C}"
EndProject
Project("{FAE04EC0-301F-11D3-BF4B-00C04F79EFBC}") = "CoreKit.BuildingBlocks.Application", "src\BuildingBlocks\CoreKit.BuildingBlocks.Application\CoreKit.BuildingBlocks.Application.csproj", "{73B191AA-0692-4F45-948F-E53F2C86E571}"
EndProject
Project("{FAE04EC0-301F-11D3-BF4B-00C04F79EFBC}") = "CoreKit.BuildingBlocks.Presentation", "src\BuildingBlocks\CoreKit.BuildingBlocks.Presentation\CoreKit.BuildingBlocks.Presentation.csproj", "{3F4A5AD1-0062-4FE2-A0FF-EF963E00CF32}"
EndProject
Project("{2150E333-8FDC-42A3-9474-1A3956D46DE8}") = "Modules", "Modules", "{CB266004-2463-A75D-E204-76F1495722FC}"
	ProjectSection(SolutionItems) = preProject
		src\Modules\README.md = src\Modules\README.md
	EndProjectSection
EndProject
Project("{2150E333-8FDC-42A3-9474-1A3956D46DE8}") = "Identity", "Identity", "{B263B730-F122-B9D4-6E73-C0B0B5F14193}"
	ProjectSection(SolutionItems) = preProject
		src\Modules\Identity\README.md = src\Modules\Identity\README.md
	EndProjectSection
EndProject
Project("{FAE04EC0-301F-11D3-BF4B-00C04F79EFBC}") = "CoreKit.Modules.Identity.Domain", "src\Modules\Identity\CoreKit.Modules.Identity.Domain\CoreKit.Modules.Identity.Domain.csproj", "{6BCA6154-6DD6-4308-BC4A-69AD7D146495}"
EndProject
Project("{FAE04EC0-301F-11D3-BF4B-00C04F79EFBC}") = "CoreKit.Modules.Identity.Application", "src\Modules\Identity\CoreKit.Modules.Identity.Application\CoreKit.Modules.Identity.Application.csproj", "{D1C44397-1A51-439C-B4EA-3C7FD5BA05ED}"
EndProject
Project("{FAE04EC0-301F-11D3-BF4B-00C04F79EFBC}") = "CoreKit.Modules.Identity.Infrastructure", "src\Modules\Identity\CoreKit.Modules.Identity.Infrastructure\CoreKit.Modules.Identity.Infrastructure.csproj", "{DE38251B-6635-40BB-9883-13898C018DE4}"
EndProject
Project("{FAE04EC0-301F-11D3-BF4B-00C04F79EFBC}") = "CoreKit.Modules.Identity.Presentation", "src\Modules\Identity\CoreKit.Modules.Identity.Presentation\CoreKit.Modules.Identity.Presentation.csproj", "{752A29FA-73F0-4A8A-A8EA-66CEBEBF9083}"
EndProject
Project("{2150E333-8FDC-42A3-9474-1A3956D46DE8}") = "Tenancy", "Tenancy", "{3CBF78D4-5918-33BF-921F-A8942423DEE1}"
	ProjectSection(SolutionItems) = preProject
		src\Modules\Tenancy\README.md = src\Modules\Tenancy\README.md
	EndProjectSection
EndProject
Project("{FAE04EC0-301F-11D3-BF4B-00C04F79EFBC}") = "CoreKit.Modules.Tenancy.Domain", "src\Modules\Tenancy\CoreKit.Modules.Tenancy.Domain\CoreKit.Modules.Tenancy.Domain.csproj", "{612030E2-8EF0-46D6-B941-5736E7BB3056}"
EndProject
Project("{FAE04EC0-301F-11D3-BF4B-00C04F79EFBC}") = "CoreKit.Modules.Tenancy.Application", "src\Modules\Tenancy\CoreKit.Modules.Tenancy.Application\CoreKit.Modules.Tenancy.Application.csproj", "{ACCF91EF-9E60-429C-A7E9-A73D41BAA18A}"
EndProject
Project("{FAE04EC0-301F-11D3-BF4B-00C04F79EFBC}") = "CoreKit.Modules.Tenancy.Infrastructure", "src\Modules\Tenancy\CoreKit.Modules.Tenancy.Infrastructure\CoreKit.Modules.Tenancy.Infrastructure.csproj", "{7988FC08-74BD-4235-817F-1D9F47CDE5D2}"
EndProject
Project("{FAE04EC0-301F-11D3-BF4B-00C04F79EFBC}") = "CoreKit.Modules.Tenancy.Presentation", "src\Modules\Tenancy\CoreKit.Modules.Tenancy.Presentation\CoreKit.Modules.Tenancy.Presentation.csproj", "{42F447F0-0186-4ADE-BF30-984846591F74}"
EndProject
Project("{FAE04EC0-301F-11D3-BF4B-00C04F79EFBC}") = "CoreKit.Modules.Tenancy.Tests", "tests\CoreKit.Modules.Tenancy.Tests\CoreKit.Modules.Tenancy.Tests.csproj", "{38B7ED5C-1D7D-4BE5-B8BA-4EBDE065DECB}"
EndProject
Project("{2150E333-8FDC-42A3-9474-1A3956D46DE8}") = "Customers", "Customers", "{B2A7C16D-7F6C-5550-92D9-0AA9CAAAE2D0}"
EndProject
Project("{FAE04EC0-301F-11D3-BF4B-00C04F79EFBC}") = "CoreKit.Modules.Customers.Domain", "src\Modules\Customers\CoreKit.Modules.Customers.Domain\CoreKit.Modules.Customers.Domain.csproj", "{FE92B8E2-9249-4F52-AC69-7B7F6AC4A0B8}"
EndProject
Project("{FAE04EC0-301F-11D3-BF4B-00C04F79EFBC}") = "CoreKit.Modules.Customers.Application", "src\Modules\Customers\CoreKit.Modules.Customers.Application\CoreKit.Modules.Customers.Application.csproj", "{911DC3AB-5F77-42BB-88CC-C4C0229DB273}"
EndProject
Project("{FAE04EC0-301F-11D3-BF4B-00C04F79EFBC}") = "CoreKit.Modules.Customers.Infrastructure", "src\Modules\Customers\CoreKit.Modules.Customers.Infrastructure\CoreKit.Modules.Customers.Infrastructure.csproj", "{220046E6-B0AE-4060-BC07-76CAA73E7B31}"
EndProject
Project("{FAE04EC0-301F-11D3-BF4B-00C04F79EFBC}") = "CoreKit.Modules.Customers.Presentation", "src\Modules\Customers\CoreKit.Modules.Customers.Presentation\CoreKit.Modules.Customers.Presentation.csproj", "{EE33A383-49BD-4BC9-8797-01EC0E4CA564}"
EndProject
Project("{FAE04EC0-301F-11D3-BF4B-00C04F79EFBC}") = "CoreKit.Modules.Customers.Tests", "tests\CoreKit.Modules.Customers.Tests\CoreKit.Modules.Customers.Tests.csproj", "{18976A83-19F2-46B2-845F-5618E2DBC604}"
EndProject
Project("{FAE04EC0-301F-11D3-BF4B-00C04F79EFBC}") = "CoreKit.PlatformAppHost.Client", "src\AppHosts\Platform\CoreKit.PlatformAppHost.Client\CoreKit.PlatformAppHost.Client.csproj", "{BC090F7A-F550-44B1-A52D-C27237D343BA}"
EndProject
Project("{FAE04EC0-301F-11D3-BF4B-00C04F79EFBC}") = "CoreKit.PlatformAppHost.Server", "src\AppHosts\Platform\CoreKit.PlatformAppHost.Server\CoreKit.PlatformAppHost.Server.csproj", "{B207C356-3C5F-43B7-8A0E-C1895D24F5E9}"
EndProject
Global
	GlobalSection(SolutionConfigurationPlatforms) = preSolution
		Debug|Any CPU = Debug|Any CPU
		Debug|x64 = Debug|x64
		Debug|x86 = Debug|x86
		Release|Any CPU = Release|Any CPU
		Release|x64 = Release|x64
		Release|x86 = Release|x86
	EndGlobalSection
	GlobalSection(ProjectConfigurationPlatforms) = postSolution
		{BBA79E95-B89A-4348-B342-490B092C547F}.Debug|Any CPU.ActiveCfg = Debug|Any CPU
		{BBA79E95-B89A-4348-B342-490B092C547F}.Debug|Any CPU.Build.0 = Debug|Any CPU
		{BBA79E95-B89A-4348-B342-490B092C547F}.Debug|x64.ActiveCfg = Debug|Any CPU
		{BBA79E95-B89A-4348-B342-490B092C547F}.Debug|x64.Build.0 = Debug|Any CPU
		{BBA79E95-B89A-4348-B342-490B092C547F}.Debug|x86.ActiveCfg = Debug|Any CPU
		{BBA79E95-B89A-4348-B342-490B092C547F}.Debug|x86.Build.0 = Debug|Any CPU
		{BBA79E95-B89A-4348-B342-490B092C547F}.Release|Any CPU.ActiveCfg = Release|Any CPU
		{BBA79E95-B89A-4348-B342-490B092C547F}.Release|Any CPU.Build.0 = Release|Any CPU
		{BBA79E95-B89A-4348-B342-490B092C547F}.Release|x64.ActiveCfg = Release|Any CPU
		{BBA79E95-B89A-4348-B342-490B092C547F}.Release|x64.Build.0 = Release|Any CPU
		{BBA79E95-B89A-4348-B342-490B092C547F}.Release|x86.ActiveCfg = Release|Any CPU
		{BBA79E95-B89A-4348-B342-490B092C547F}.Release|x86.Build.0 = Release|Any CPU
		{752695D1-F010-4002-850D-918D30EBB625}.Debug|Any CPU.ActiveCfg = Debug|Any CPU
		{752695D1-F010-4002-850D-918D30EBB625}.Debug|Any CPU.Build.0 = Debug|Any CPU
		{752695D1-F010-4002-850D-918D30EBB625}.Debug|x64.ActiveCfg = Debug|Any CPU
		{752695D1-F010-4002-850D-918D30EBB625}.Debug|x64.Build.0 = Debug|Any CPU
		{752695D1-F010-4002-850D-918D30EBB625}.Debug|x86.ActiveCfg = Debug|Any CPU
		{752695D1-F010-4002-850D-918D30EBB625}.Debug|x86.Build.0 = Debug|Any CPU
		{752695D1-F010-4002-850D-918D30EBB625}.Release|Any CPU.ActiveCfg = Release|Any CPU
		{752695D1-F010-4002-850D-918D30EBB625}.Release|Any CPU.Build.0 = Release|Any CPU
		{752695D1-F010-4002-850D-918D30EBB625}.Release|x64.ActiveCfg = Release|Any CPU
		{752695D1-F010-4002-850D-918D30EBB625}.Release|x64.Build.0 = Release|Any CPU
		{752695D1-F010-4002-850D-918D30EBB625}.Release|x86.ActiveCfg = Release|Any CPU
		{752695D1-F010-4002-850D-918D30EBB625}.Release|x86.Build.0 = Release|Any CPU
		{267CB0BE-A5BB-475F-8131-3A8B67177C00}.Debug|Any CPU.ActiveCfg = Debug|Any CPU
		{267CB0BE-A5BB-475F-8131-3A8B67177C00}.Debug|Any CPU.Build.0 = Debug|Any CPU
		{267CB0BE-A5BB-475F-8131-3A8B67177C00}.Debug|x64.ActiveCfg = Debug|Any CPU
		{267CB0BE-A5BB-475F-8131-3A8B67177C00}.Debug|x64.Build.0 = Debug|Any CPU
		{267CB0BE-A5BB-475F-8131-3A8B67177C00}.Debug|x86.ActiveCfg = Debug|Any CPU
		{267CB0BE-A5BB-475F-8131-3A8B67177C00}.Debug|x86.Build.0 = Debug|Any CPU
		{267CB0BE-A5BB-475F-8131-3A8B67177C00}.Release|Any CPU.ActiveCfg = Release|Any CPU
		{267CB0BE-A5BB-475F-8131-3A8B67177C00}.Release|Any CPU.Build.0 = Release|Any CPU
		{267CB0BE-A5BB-475F-8131-3A8B67177C00}.Release|x64.ActiveCfg = Release|Any CPU
		{267CB0BE-A5BB-475F-8131-3A8B67177C00}.Release|x64.Build.0 = Release|Any CPU
		{267CB0BE-A5BB-475F-8131-3A8B67177C00}.Release|x86.ActiveCfg = Release|Any CPU
		{267CB0BE-A5BB-475F-8131-3A8B67177C00}.Release|x86.Build.0 = Release|Any CPU
		{4AD2D563-B8C3-4865-B4BF-5439F724AE9A}.Debug|Any CPU.ActiveCfg = Debug|Any CPU
		{4AD2D563-B8C3-4865-B4BF-5439F724AE9A}.Debug|Any CPU.Build.0 = Debug|Any CPU
		{4AD2D563-B8C3-4865-B4BF-5439F724AE9A}.Debug|x64.ActiveCfg = Debug|Any CPU
		{4AD2D563-B8C3-4865-B4BF-5439F724AE9A}.Debug|x64.Build.0 = Debug|Any CPU
		{4AD2D563-B8C3-4865-B4BF-5439F724AE9A}.Debug|x86.ActiveCfg = Debug|Any CPU
		{4AD2D563-B8C3-4865-B4BF-5439F724AE9A}.Debug|x86.Build.0 = Debug|Any CPU
		{4AD2D563-B8C3-4865-B4BF-5439F724AE9A}.Release|Any CPU.ActiveCfg = Release|Any CPU
		{4AD2D563-B8C3-4865-B4BF-5439F724AE9A}.Release|Any CPU.Build.0 = Release|Any CPU
		{4AD2D563-B8C3-4865-B4BF-5439F724AE9A}.Release|x64.ActiveCfg = Release|Any CPU
		{4AD2D563-B8C3-4865-B4BF-5439F724AE9A}.Release|x64.Build.0 = Release|Any CPU
		{4AD2D563-B8C3-4865-B4BF-5439F724AE9A}.Release|x86.ActiveCfg = Release|Any CPU
		{4AD2D563-B8C3-4865-B4BF-5439F724AE9A}.Release|x86.Build.0 = Release|Any CPU
		{5571E3F2-1311-4CFB-89C2-48D3346A920C}.Debug|Any CPU.ActiveCfg = Debug|Any CPU
		{5571E3F2-1311-4CFB-89C2-48D3346A920C}.Debug|Any CPU.Build.0 = Debug|Any CPU
		{5571E3F2-1311-4CFB-89C2-48D3346A920C}.Debug|x64.ActiveCfg = Debug|Any CPU
		{5571E3F2-1311-4CFB-89C2-48D3346A920C}.Debug|x64.Build.0 = Debug|Any CPU
		{5571E3F2-1311-4CFB-89C2-48D3346A920C}.Debug|x86.ActiveCfg = Debug|Any CPU
		{5571E3F2-1311-4CFB-89C2-48D3346A920C}.Debug|x86.Build.0 = Debug|Any CPU
		{5571E3F2-1311-4CFB-89C2-48D3346A920C}.Release|Any CPU.ActiveCfg = Release|Any CPU
		{5571E3F2-1311-4CFB-89C2-48D3346A920C}.Release|Any CPU.Build.0 = Release|Any CPU
		{5571E3F2-1311-4CFB-89C2-48D3346A920C}.Release|x64.ActiveCfg = Release|Any CPU
		{5571E3F2-1311-4CFB-89C2-48D3346A920C}.Release|x64.Build.0 = Release|Any CPU
		{5571E3F2-1311-4CFB-89C2-48D3346A920C}.Release|x86.ActiveCfg = Release|Any CPU
		{5571E3F2-1311-4CFB-89C2-48D3346A920C}.Release|x86.Build.0 = Release|Any CPU
		{73B191AA-0692-4F45-948F-E53F2C86E571}.Debug|Any CPU.ActiveCfg = Debug|Any CPU
		{73B191AA-0692-4F45-948F-E53F2C86E571}.Debug|Any CPU.Build.0 = Debug|Any CPU
		{73B191AA-0692-4F45-948F-E53F2C86E571}.Debug|x64.ActiveCfg = Debug|Any CPU
		{73B191AA-0692-4F45-948F-E53F2C86E571}.Debug|x64.Build.0 = Debug|Any CPU
		{73B191AA-0692-4F45-948F-E53F2C86E571}.Debug|x86.ActiveCfg = Debug|Any CPU
		{73B191AA-0692-4F45-948F-E53F2C86E571}.Debug|x86.Build.0 = Debug|Any CPU
		{73B191AA-0692-4F45-948F-E53F2C86E571}.Release|Any CPU.ActiveCfg = Release|Any CPU
		{73B191AA-0692-4F45-948F-E53F2C86E571}.Release|Any CPU.Build.0 = Release|Any CPU
		{73B191AA-0692-4F45-948F-E53F2C86E571}.Release|x64.ActiveCfg = Release|Any CPU
		{73B191AA-0692-4F45-948F-E53F2C86E571}.Release|x64.Build.0 = Release|Any CPU
		{73B191AA-0692-4F45-948F-E53F2C86E571}.Release|x86.ActiveCfg = Release|Any CPU
		{73B191AA-0692-4F45-948F-E53F2C86E571}.Release|x86.Build.0 = Release|Any CPU
		{3F4A5AD1-0062-4FE2-A0FF-EF963E00CF32}.Debug|Any CPU.ActiveCfg = Debug|Any CPU
		{3F4A5AD1-0062-4FE2-A0FF-EF963E00CF32}.Debug|Any CPU.Build.0 = Debug|Any CPU
		{3F4A5AD1-0062-4FE2-A0FF-EF963E00CF32}.Debug|x64.ActiveCfg = Debug|Any CPU
		{3F4A5AD1-0062-4FE2-A0FF-EF963E00CF32}.Debug|x64.Build.0 = Debug|Any CPU
		{3F4A5AD1-0062-4FE2-A0FF-EF963E00CF32}.Debug|x86.ActiveCfg = Debug|Any CPU
		{3F4A5AD1-0062-4FE2-A0FF-EF963E00CF32}.Debug|x86.Build.0 = Debug|Any CPU
		{3F4A5AD1-0062-4FE2-A0FF-EF963E00CF32}.Release|Any CPU.ActiveCfg = Release|Any CPU
		{3F4A5AD1-0062-4FE2-A0FF-EF963E00CF32}.Release|Any CPU.Build.0 = Release|Any CPU
		{3F4A5AD1-0062-4FE2-A0FF-EF963E00CF32}.Release|x64.ActiveCfg = Release|Any CPU
		{3F4A5AD1-0062-4FE2-A0FF-EF963E00CF32}.Release|x64.Build.0 = Release|Any CPU
		{3F4A5AD1-0062-4FE2-A0FF-EF963E00CF32}.Release|x86.ActiveCfg = Release|Any CPU
		{3F4A5AD1-0062-4FE2-A0FF-EF963E00CF32}.Release|x86.Build.0 = Release|Any CPU
		{6BCA6154-6DD6-4308-BC4A-69AD7D146495}.Debug|Any CPU.ActiveCfg = Debug|Any CPU
		{6BCA6154-6DD6-4308-BC4A-69AD7D146495}.Debug|Any CPU.Build.0 = Debug|Any CPU
		{6BCA6154-6DD6-4308-BC4A-69AD7D146495}.Debug|x64.ActiveCfg = Debug|Any CPU
		{6BCA6154-6DD6-4308-BC4A-69AD7D146495}.Debug|x64.Build.0 = Debug|Any CPU
		{6BCA6154-6DD6-4308-BC4A-69AD7D146495}.Debug|x86.ActiveCfg = Debug|Any CPU
		{6BCA6154-6DD6-4308-BC4A-69AD7D146495}.Debug|x86.Build.0 = Debug|Any CPU
		{6BCA6154-6DD6-4308-BC4A-69AD7D146495}.Release|Any CPU.ActiveCfg = Release|Any CPU
		{6BCA6154-6DD6-4308-BC4A-69AD7D146495}.Release|Any CPU.Build.0 = Release|Any CPU
		{6BCA6154-6DD6-4308-BC4A-69AD7D146495}.Release|x64.ActiveCfg = Release|Any CPU
		{6BCA6154-6DD6-4308-BC4A-69AD7D146495}.Release|x64.Build.0 = Release|Any CPU
		{6BCA6154-6DD6-4308-BC4A-69AD7D146495}.Release|x86.ActiveCfg = Release|Any CPU
		{6BCA6154-6DD6-4308-BC4A-69AD7D146495}.Release|x86.Build.0 = Release|Any CPU
		{D1C44397-1A51-439C-B4EA-3C7FD5BA05ED}.Debug|Any CPU.ActiveCfg = Debug|Any CPU
		{D1C44397-1A51-439C-B4EA-3C7FD5BA05ED}.Debug|Any CPU.Build.0 = Debug|Any CPU
		{D1C44397-1A51-439C-B4EA-3C7FD5BA05ED}.Debug|x64.ActiveCfg = Debug|Any CPU
		{D1C44397-1A51-439C-B4EA-3C7FD5BA05ED}.Debug|x64.Build.0 = Debug|Any CPU
		{D1C44397-1A51-439C-B4EA-3C7FD5BA05ED}.Debug|x86.ActiveCfg = Debug|Any CPU
		{D1C44397-1A51-439C-B4EA-3C7FD5BA05ED}.Debug|x86.Build.0 = Debug|Any CPU
		{D1C44397-1A51-439C-B4EA-3C7FD5BA05ED}.Release|Any CPU.ActiveCfg = Release|Any CPU
		{D1C44397-1A51-439C-B4EA-3C7FD5BA05ED}.Release|Any CPU.Build.0 = Release|Any CPU
		{D1C44397-1A51-439C-B4EA-3C7FD5BA05ED}.Release|x64.ActiveCfg = Release|Any CPU
		{D1C44397-1A51-439C-B4EA-3C7FD5BA05ED}.Release|x64.Build.0 = Release|Any CPU
		{D1C44397-1A51-439C-B4EA-3C7FD5BA05ED}.Release|x86.ActiveCfg = Release|Any CPU
		{D1C44397-1A51-439C-B4EA-3C7FD5BA05ED}.Release|x86.Build.0 = Release|Any CPU
		{DE38251B-6635-40BB-9883-13898C018DE4}.Debug|Any CPU.ActiveCfg = Debug|Any CPU
		{DE38251B-6635-40BB-9883-13898C018DE4}.Debug|Any CPU.Build.0 = Debug|Any CPU
		{DE38251B-6635-40BB-9883-13898C018DE4}.Debug|x64.ActiveCfg = Debug|Any CPU
		{DE38251B-6635-40BB-9883-13898C018DE4}.Debug|x64.Build.0 = Debug|Any CPU
		{DE38251B-6635-40BB-9883-13898C018DE4}.Debug|x86.ActiveCfg = Debug|Any CPU
		{DE38251B-6635-40BB-9883-13898C018DE4}.Debug|x86.Build.0 = Debug|Any CPU
		{DE38251B-6635-40BB-9883-13898C018DE4}.Release|Any CPU.ActiveCfg = Release|Any CPU
		{DE38251B-6635-40BB-9883-13898C018DE4}.Release|Any CPU.Build.0 = Release|Any CPU
		{DE38251B-6635-40BB-9883-13898C018DE4}.Release|x64.ActiveCfg = Release|Any CPU
		{DE38251B-6635-40BB-9883-13898C018DE4}.Release|x64.Build.0 = Release|Any CPU
		{DE38251B-6635-40BB-9883-13898C018DE4}.Release|x86.ActiveCfg = Release|Any CPU
		{DE38251B-6635-40BB-9883-13898C018DE4}.Release|x86.Build.0 = Release|Any CPU
		{752A29FA-73F0-4A8A-A8EA-66CEBEBF9083}.Debug|Any CPU.ActiveCfg = Debug|Any CPU
		{752A29FA-73F0-4A8A-A8EA-66CEBEBF9083}.Debug|Any CPU.Build.0 = Debug|Any CPU
		{752A29FA-73F0-4A8A-A8EA-66CEBEBF9083}.Debug|x64.ActiveCfg = Debug|Any CPU
		{752A29FA-73F0-4A8A-A8EA-66CEBEBF9083}.Debug|x64.Build.0 = Debug|Any CPU
		{752A29FA-73F0-4A8A-A8EA-66CEBEBF9083}.Debug|x86.ActiveCfg = Debug|Any CPU
		{752A29FA-73F0-4A8A-A8EA-66CEBEBF9083}.Debug|x86.Build.0 = Debug|Any CPU
		{752A29FA-73F0-4A8A-A8EA-66CEBEBF9083}.Release|Any CPU.ActiveCfg = Release|Any CPU
		{752A29FA-73F0-4A8A-A8EA-66CEBEBF9083}.Release|Any CPU.Build.0 = Release|Any CPU
		{752A29FA-73F0-4A8A-A8EA-66CEBEBF9083}.Release|x64.ActiveCfg = Release|Any CPU
		{752A29FA-73F0-4A8A-A8EA-66CEBEBF9083}.Release|x64.Build.0 = Release|Any CPU
		{752A29FA-73F0-4A8A-A8EA-66CEBEBF9083}.Release|x86.ActiveCfg = Release|Any CPU
		{752A29FA-73F0-4A8A-A8EA-66CEBEBF9083}.Release|x86.Build.0 = Release|Any CPU
		{612030E2-8EF0-46D6-B941-5736E7BB3056}.Debug|Any CPU.ActiveCfg = Debug|Any CPU
		{612030E2-8EF0-46D6-B941-5736E7BB3056}.Debug|Any CPU.Build.0 = Debug|Any CPU
		{612030E2-8EF0-46D6-B941-5736E7BB3056}.Debug|x64.ActiveCfg = Debug|Any CPU
		{612030E2-8EF0-46D6-B941-5736E7BB3056}.Debug|x64.Build.0 = Debug|Any CPU
		{612030E2-8EF0-46D6-B941-5736E7BB3056}.Debug|x86.ActiveCfg = Debug|Any CPU
		{612030E2-8EF0-46D6-B941-5736E7BB3056}.Debug|x86.Build.0 = Debug|Any CPU
		{612030E2-8EF0-46D6-B941-5736E7BB3056}.Release|Any CPU.ActiveCfg = Release|Any CPU
		{612030E2-8EF0-46D6-B941-5736E7BB3056}.Release|Any CPU.Build.0 = Release|Any CPU
		{612030E2-8EF0-46D6-B941-5736E7BB3056}.Release|x64.ActiveCfg = Release|Any CPU
		{612030E2-8EF0-46D6-B941-5736E7BB3056}.Release|x64.Build.0 = Release|Any CPU
		{612030E2-8EF0-46D6-B941-5736E7BB3056}.Release|x86.ActiveCfg = Release|Any CPU
		{612030E2-8EF0-46D6-B941-5736E7BB3056}.Release|x86.Build.0 = Release|Any CPU
		{ACCF91EF-9E60-429C-A7E9-A73D41BAA18A}.Debug|Any CPU.ActiveCfg = Debug|Any CPU
		{ACCF91EF-9E60-429C-A7E9-A73D41BAA18A}.Debug|Any CPU.Build.0 = Debug|Any CPU
		{ACCF91EF-9E60-429C-A7E9-A73D41BAA18A}.Debug|x64.ActiveCfg = Debug|Any CPU
		{ACCF91EF-9E60-429C-A7E9-A73D41BAA18A}.Debug|x64.Build.0 = Debug|Any CPU
		{ACCF91EF-9E60-429C-A7E9-A73D41BAA18A}.Debug|x86.ActiveCfg = Debug|Any CPU
		{ACCF91EF-9E60-429C-A7E9-A73D41BAA18A}.Debug|x86.Build.0 = Debug|Any CPU
		{ACCF91EF-9E60-429C-A7E9-A73D41BAA18A}.Release|Any CPU.ActiveCfg = Release|Any CPU
		{ACCF91EF-9E60-429C-A7E9-A73D41BAA18A}.Release|Any CPU.Build.0 = Release|Any CPU
		{ACCF91EF-9E60-429C-A7E9-A73D41BAA18A}.Release|x64.ActiveCfg = Release|Any CPU
		{ACCF91EF-9E60-429C-A7E9-A73D41BAA18A}.Release|x64.Build.0 = Release|Any CPU
		{ACCF91EF-9E60-429C-A7E9-A73D41BAA18A}.Release|x86.ActiveCfg = Release|Any CPU
		{ACCF91EF-9E60-429C-A7E9-A73D41BAA18A}.Release|x86.Build.0 = Release|Any CPU
		{7988FC08-74BD-4235-817F-1D9F47CDE5D2}.Debug|Any CPU.ActiveCfg = Debug|Any CPU
		{7988FC08-74BD-4235-817F-1D9F47CDE5D2}.Debug|Any CPU.Build.0 = Debug|Any CPU
		{7988FC08-74BD-4235-817F-1D9F47CDE5D2}.Debug|x64.ActiveCfg = Debug|Any CPU
		{7988FC08-74BD-4235-817F-1D9F47CDE5D2}.Debug|x64.Build.0 = Debug|Any CPU
		{7988FC08-74BD-4235-817F-1D9F47CDE5D2}.Debug|x86.ActiveCfg = Debug|Any CPU
		{7988FC08-74BD-4235-817F-1D9F47CDE5D2}.Debug|x86.Build.0 = Debug|Any CPU
		{7988FC08-74BD-4235-817F-1D9F47CDE5D2}.Release|Any CPU.ActiveCfg = Release|Any CPU
		{7988FC08-74BD-4235-817F-1D9F47CDE5D2}.Release|Any CPU.Build.0 = Release|Any CPU
		{7988FC08-74BD-4235-817F-1D9F47CDE5D2}.Release|x64.ActiveCfg = Release|Any CPU
		{7988FC08-74BD-4235-817F-1D9F47CDE5D2}.Release|x64.Build.0 = Release|Any CPU
		{7988FC08-74BD-4235-817F-1D9F47CDE5D2}.Release|x86.ActiveCfg = Release|Any CPU
		{7988FC08-74BD-4235-817F-1D9F47CDE5D2}.Release|x86.Build.0 = Release|Any CPU
		{42F447F0-0186-4ADE-BF30-984846591F74}.Debug|Any CPU.ActiveCfg = Debug|Any CPU
		{42F447F0-0186-4ADE-BF30-984846591F74}.Debug|Any CPU.Build.0 = Debug|Any CPU
		{42F447F0-0186-4ADE-BF30-984846591F74}.Debug|x64.ActiveCfg = Debug|Any CPU
		{42F447F0-0186-4ADE-BF30-984846591F74}.Debug|x64.Build.0 = Debug|Any CPU
		{42F447F0-0186-4ADE-BF30-984846591F74}.Debug|x86.ActiveCfg = Debug|Any CPU
		{42F447F0-0186-4ADE-BF30-984846591F74}.Debug|x86.Build.0 = Debug|Any CPU
		{42F447F0-0186-4ADE-BF30-984846591F74}.Release|Any CPU.ActiveCfg = Release|Any CPU
		{42F447F0-0186-4ADE-BF30-984846591F74}.Release|Any CPU.Build.0 = Release|Any CPU
		{42F447F0-0186-4ADE-BF30-984846591F74}.Release|x64.ActiveCfg = Release|Any CPU
		{42F447F0-0186-4ADE-BF30-984846591F74}.Release|x64.Build.0 = Release|Any CPU
		{42F447F0-0186-4ADE-BF30-984846591F74}.Release|x86.ActiveCfg = Release|Any CPU
		{42F447F0-0186-4ADE-BF30-984846591F74}.Release|x86.Build.0 = Release|Any CPU
		{38B7ED5C-1D7D-4BE5-B8BA-4EBDE065DECB}.Debug|Any CPU.ActiveCfg = Debug|Any CPU
		{38B7ED5C-1D7D-4BE5-B8BA-4EBDE065DECB}.Debug|Any CPU.Build.0 = Debug|Any CPU
		{38B7ED5C-1D7D-4BE5-B8BA-4EBDE065DECB}.Debug|x64.ActiveCfg = Debug|Any CPU
		{38B7ED5C-1D7D-4BE5-B8BA-4EBDE065DECB}.Debug|x64.Build.0 = Debug|Any CPU
		{38B7ED5C-1D7D-4BE5-B8BA-4EBDE065DECB}.Debug|x86.ActiveCfg = Debug|Any CPU
		{38B7ED5C-1D7D-4BE5-B8BA-4EBDE065DECB}.Debug|x86.Build.0 = Debug|Any CPU
		{38B7ED5C-1D7D-4BE5-B8BA-4EBDE065DECB}.Release|Any CPU.ActiveCfg = Release|Any CPU
		{38B7ED5C-1D7D-4BE5-B8BA-4EBDE065DECB}.Release|Any CPU.Build.0 = Release|Any CPU
		{38B7ED5C-1D7D-4BE5-B8BA-4EBDE065DECB}.Release|x64.ActiveCfg = Release|Any CPU
		{38B7ED5C-1D7D-4BE5-B8BA-4EBDE065DECB}.Release|x64.Build.0 = Release|Any CPU
		{38B7ED5C-1D7D-4BE5-B8BA-4EBDE065DECB}.Release|x86.ActiveCfg = Release|Any CPU
		{38B7ED5C-1D7D-4BE5-B8BA-4EBDE065DECB}.Release|x86.Build.0 = Release|Any CPU
		{FE92B8E2-9249-4F52-AC69-7B7F6AC4A0B8}.Debug|Any CPU.ActiveCfg = Debug|Any CPU
		{FE92B8E2-9249-4F52-AC69-7B7F6AC4A0B8}.Debug|Any CPU.Build.0 = Debug|Any CPU
		{FE92B8E2-9249-4F52-AC69-7B7F6AC4A0B8}.Debug|x64.ActiveCfg = Debug|Any CPU
		{FE92B8E2-9249-4F52-AC69-7B7F6AC4A0B8}.Debug|x64.Build.0 = Debug|Any CPU
		{FE92B8E2-9249-4F52-AC69-7B7F6AC4A0B8}.Debug|x86.ActiveCfg = Debug|Any CPU
		{FE92B8E2-9249-4F52-AC69-7B7F6AC4A0B8}.Debug|x86.Build.0 = Debug|Any CPU
		{FE92B8E2-9249-4F52-AC69-7B7F6AC4A0B8}.Release|Any CPU.ActiveCfg = Release|Any CPU
		{FE92B8E2-9249-4F52-AC69-7B7F6AC4A0B8}.Release|Any CPU.Build.0 = Release|Any CPU
		{FE92B8E2-9249-4F52-AC69-7B7F6AC4A0B8}.Release|x64.ActiveCfg = Release|Any CPU
		{FE92B8E2-9249-4F52-AC69-7B7F6AC4A0B8}.Release|x64.Build.0 = Release|Any CPU
		{FE92B8E2-9249-4F52-AC69-7B7F6AC4A0B8}.Release|x86.ActiveCfg = Release|Any CPU
		{FE92B8E2-9249-4F52-AC69-7B7F6AC4A0B8}.Release|x86.Build.0 = Release|Any CPU
		{911DC3AB-5F77-42BB-88CC-C4C0229DB273}.Debug|Any CPU.ActiveCfg = Debug|Any CPU
		{911DC3AB-5F77-42BB-88CC-C4C0229DB273}.Debug|Any CPU.Build.0 = Debug|Any CPU
		{911DC3AB-5F77-42BB-88CC-C4C0229DB273}.Debug|x64.ActiveCfg = Debug|Any CPU
		{911DC3AB-5F77-42BB-88CC-C4C0229DB273}.Debug|x64.Build.0 = Debug|Any CPU
		{911DC3AB-5F77-42BB-88CC-C4C0229DB273}.Debug|x86.ActiveCfg = Debug|Any CPU
		{911DC3AB-5F77-42BB-88CC-C4C0229DB273}.Debug|x86.Build.0 = Debug|Any CPU
		{911DC3AB-5F77-42BB-88CC-C4C0229DB273}.Release|Any CPU.ActiveCfg = Release|Any CPU
		{911DC3AB-5F77-42BB-88CC-C4C0229DB273}.Release|Any CPU.Build.0 = Release|Any CPU
		{911DC3AB-5F77-42BB-88CC-C4C0229DB273}.Release|x64.ActiveCfg = Release|Any CPU
		{911DC3AB-5F77-42BB-88CC-C4C0229DB273}.Release|x64.Build.0 = Release|Any CPU
		{911DC3AB-5F77-42BB-88CC-C4C0229DB273}.Release|x86.ActiveCfg = Release|Any CPU
		{911DC3AB-5F77-42BB-88CC-C4C0229DB273}.Release|x86.Build.0 = Release|Any CPU
		{220046E6-B0AE-4060-BC07-76CAA73E7B31}.Debug|Any CPU.ActiveCfg = Debug|Any CPU
		{220046E6-B0AE-4060-BC07-76CAA73E7B31}.Debug|Any CPU.Build.0 = Debug|Any CPU
		{220046E6-B0AE-4060-BC07-76CAA73E7B31}.Debug|x64.ActiveCfg = Debug|Any CPU
		{220046E6-B0AE-4060-BC07-76CAA73E7B31}.Debug|x64.Build.0 = Debug|Any CPU
		{220046E6-B0AE-4060-BC07-76CAA73E7B31}.Debug|x86.ActiveCfg = Debug|Any CPU
		{220046E6-B0AE-4060-BC07-76CAA73E7B31}.Debug|x86.Build.0 = Debug|Any CPU
		{220046E6-B0AE-4060-BC07-76CAA73E7B31}.Release|Any CPU.ActiveCfg = Release|Any CPU
		{220046E6-B0AE-4060-BC07-76CAA73E7B31}.Release|Any CPU.Build.0 = Release|Any CPU
		{220046E6-B0AE-4060-BC07-76CAA73E7B31}.Release|x64.ActiveCfg = Release|Any CPU
		{220046E6-B0AE-4060-BC07-76CAA73E7B31}.Release|x64.Build.0 = Release|Any CPU
		{220046E6-B0AE-4060-BC07-76CAA73E7B31}.Release|x86.ActiveCfg = Release|Any CPU
		{220046E6-B0AE-4060-BC07-76CAA73E7B31}.Release|x86.Build.0 = Release|Any CPU
		{EE33A383-49BD-4BC9-8797-01EC0E4CA564}.Debug|Any CPU.ActiveCfg = Debug|Any CPU
		{EE33A383-49BD-4BC9-8797-01EC0E4CA564}.Debug|Any CPU.Build.0 = Debug|Any CPU
		{EE33A383-49BD-4BC9-8797-01EC0E4CA564}.Debug|x64.ActiveCfg = Debug|Any CPU
		{EE33A383-49BD-4BC9-8797-01EC0E4CA564}.Debug|x64.Build.0 = Debug|Any CPU
		{EE33A383-49BD-4BC9-8797-01EC0E4CA564}.Debug|x86.ActiveCfg = Debug|Any CPU
		{EE33A383-49BD-4BC9-8797-01EC0E4CA564}.Debug|x86.Build.0 = Debug|Any CPU
		{EE33A383-49BD-4BC9-8797-01EC0E4CA564}.Release|Any CPU.ActiveCfg = Release|Any CPU
		{EE33A383-49BD-4BC9-8797-01EC0E4CA564}.Release|Any CPU.Build.0 = Release|Any CPU
		{EE33A383-49BD-4BC9-8797-01EC0E4CA564}.Release|x64.ActiveCfg = Release|Any CPU
		{EE33A383-49BD-4BC9-8797-01EC0E4CA564}.Release|x64.Build.0 = Release|Any CPU
		{EE33A383-49BD-4BC9-8797-01EC0E4CA564}.Release|x86.ActiveCfg = Release|Any CPU
		{EE33A383-49BD-4BC9-8797-01EC0E4CA564}.Release|x86.Build.0 = Release|Any CPU
		{18976A83-19F2-46B2-845F-5618E2DBC604}.Debug|Any CPU.ActiveCfg = Debug|Any CPU
		{18976A83-19F2-46B2-845F-5618E2DBC604}.Debug|Any CPU.Build.0 = Debug|Any CPU
		{18976A83-19F2-46B2-845F-5618E2DBC604}.Debug|x64.ActiveCfg = Debug|Any CPU
		{18976A83-19F2-46B2-845F-5618E2DBC604}.Debug|x64.Build.0 = Debug|Any CPU
		{18976A83-19F2-46B2-845F-5618E2DBC604}.Debug|x86.ActiveCfg = Debug|Any CPU
		{18976A83-19F2-46B2-845F-5618E2DBC604}.Debug|x86.Build.0 = Debug|Any CPU
		{18976A83-19F2-46B2-845F-5618E2DBC604}.Release|Any CPU.ActiveCfg = Release|Any CPU
		{18976A83-19F2-46B2-845F-5618E2DBC604}.Release|Any CPU.Build.0 = Release|Any CPU
		{18976A83-19F2-46B2-845F-5618E2DBC604}.Release|x64.ActiveCfg = Release|Any CPU
		{18976A83-19F2-46B2-845F-5618E2DBC604}.Release|x64.Build.0 = Release|Any CPU
		{18976A83-19F2-46B2-845F-5618E2DBC604}.Release|x86.ActiveCfg = Release|Any CPU
		{18976A83-19F2-46B2-845F-5618E2DBC604}.Release|x86.Build.0 = Release|Any CPU
		{BC090F7A-F550-44B1-A52D-C27237D343BA}.Debug|Any CPU.ActiveCfg = Debug|Any CPU
		{BC090F7A-F550-44B1-A52D-C27237D343BA}.Debug|Any CPU.Build.0 = Debug|Any CPU
		{BC090F7A-F550-44B1-A52D-C27237D343BA}.Debug|x64.ActiveCfg = Debug|Any CPU
		{BC090F7A-F550-44B1-A52D-C27237D343BA}.Debug|x64.Build.0 = Debug|Any CPU
		{BC090F7A-F550-44B1-A52D-C27237D343BA}.Debug|x86.ActiveCfg = Debug|Any CPU
		{BC090F7A-F550-44B1-A52D-C27237D343BA}.Debug|x86.Build.0 = Debug|Any CPU
		{BC090F7A-F550-44B1-A52D-C27237D343BA}.Release|Any CPU.ActiveCfg = Release|Any CPU
		{BC090F7A-F550-44B1-A52D-C27237D343BA}.Release|Any CPU.Build.0 = Release|Any CPU
		{BC090F7A-F550-44B1-A52D-C27237D343BA}.Release|x64.ActiveCfg = Release|Any CPU
		{BC090F7A-F550-44B1-A52D-C27237D343BA}.Release|x64.Build.0 = Release|Any CPU
		{BC090F7A-F550-44B1-A52D-C27237D343BA}.Release|x86.ActiveCfg = Release|Any CPU
		{BC090F7A-F550-44B1-A52D-C27237D343BA}.Release|x86.Build.0 = Release|Any CPU
		{B207C356-3C5F-43B7-8A0E-C1895D24F5E9}.Debug|Any CPU.ActiveCfg = Debug|Any CPU
		{B207C356-3C5F-43B7-8A0E-C1895D24F5E9}.Debug|Any CPU.Build.0 = Debug|Any CPU
		{B207C356-3C5F-43B7-8A0E-C1895D24F5E9}.Debug|x64.ActiveCfg = Debug|Any CPU
		{B207C356-3C5F-43B7-8A0E-C1895D24F5E9}.Debug|x64.Build.0 = Debug|Any CPU
		{B207C356-3C5F-43B7-8A0E-C1895D24F5E9}.Debug|x86.ActiveCfg = Debug|Any CPU
		{B207C356-3C5F-43B7-8A0E-C1895D24F5E9}.Debug|x86.Build.0 = Debug|Any CPU
		{B207C356-3C5F-43B7-8A0E-C1895D24F5E9}.Release|Any CPU.ActiveCfg = Release|Any CPU
		{B207C356-3C5F-43B7-8A0E-C1895D24F5E9}.Release|Any CPU.Build.0 = Release|Any CPU
		{B207C356-3C5F-43B7-8A0E-C1895D24F5E9}.Release|x64.ActiveCfg = Release|Any CPU
		{B207C356-3C5F-43B7-8A0E-C1895D24F5E9}.Release|x64.Build.0 = Release|Any CPU
		{B207C356-3C5F-43B7-8A0E-C1895D24F5E9}.Release|x86.ActiveCfg = Release|Any CPU
		{B207C356-3C5F-43B7-8A0E-C1895D24F5E9}.Release|x86.Build.0 = Release|Any CPU
	EndGlobalSection
	GlobalSection(SolutionProperties) = preSolution
		HideSolutionNode = FALSE
	EndGlobalSection
	GlobalSection(NestedProjects) = preSolution
		{59D787F9-243C-473A-88E4-514A56112988} = {0A654D36-868D-4A5A-8C47-BD892C08FB09}
		{7349594C-8A04-4D4F-AB39-438AC7EF14A0} = {0A654D36-868D-4A5A-8C47-BD892C08FB09}
		{85609325-4CFD-4D86-9F8F-B8D5EE4B6B7B} = {0A654D36-868D-4A5A-8C47-BD892C08FB09}
		{99C4CC4D-84A7-437E-B13A-E6A46673BF10} = {0A654D36-868D-4A5A-8C47-BD892C08FB09}
		{F1E3D1B0-8B09-4C61-8C4F-8F80573B2C61} = {1E8D2338-4A96-46D4-8BBE-ACAD7C6D1C7E}
		{E0C71D9C-9B54-4C66-B0A8-AB88D22D74D2} = {F1E3D1B0-8B09-4C61-8C4F-8F80573B2C61}
		{1535D0F2-287C-4E77-9D28-9D0533C809C2} = {F1E3D1B0-8B09-4C61-8C4F-8F80573B2C61}
		{6F8CBBF6-90F3-4A21-BCCB-548D1AF5C7B6} = {F1E3D1B0-8B09-4C61-8C4F-8F80573B2C61}
		{BBA79E95-B89A-4348-B342-490B092C547F} = {E0C71D9C-9B54-4C66-B0A8-AB88D22D74D2}
		{752695D1-F010-4002-850D-918D30EBB625} = {E0C71D9C-9B54-4C66-B0A8-AB88D22D74D2}
		{267CB0BE-A5BB-475F-8131-3A8B67177C00} = {6F8CBBF6-90F3-4A21-BCCB-548D1AF5C7B6}
		{8D0C72A4-CD95-A769-034A-1ABBB2AB40FF} = {1E8D2338-4A96-46D4-8BBE-ACAD7C6D1C7E}
		{4AD2D563-B8C3-4865-B4BF-5439F724AE9A} = {8D0C72A4-CD95-A769-034A-1ABBB2AB40FF}
		{5571E3F2-1311-4CFB-89C2-48D3346A920C} = {8D0C72A4-CD95-A769-034A-1ABBB2AB40FF}
		{73B191AA-0692-4F45-948F-E53F2C86E571} = {8D0C72A4-CD95-A769-034A-1ABBB2AB40FF}
		{3F4A5AD1-0062-4FE2-A0FF-EF963E00CF32} = {8D0C72A4-CD95-A769-034A-1ABBB2AB40FF}
		{CB266004-2463-A75D-E204-76F1495722FC} = {1E8D2338-4A96-46D4-8BBE-ACAD7C6D1C7E}
		{B263B730-F122-B9D4-6E73-C0B0B5F14193} = {CB266004-2463-A75D-E204-76F1495722FC}
		{6BCA6154-6DD6-4308-BC4A-69AD7D146495} = {B263B730-F122-B9D4-6E73-C0B0B5F14193}
		{D1C44397-1A51-439C-B4EA-3C7FD5BA05ED} = {B263B730-F122-B9D4-6E73-C0B0B5F14193}
		{DE38251B-6635-40BB-9883-13898C018DE4} = {B263B730-F122-B9D4-6E73-C0B0B5F14193}
		{752A29FA-73F0-4A8A-A8EA-66CEBEBF9083} = {B263B730-F122-B9D4-6E73-C0B0B5F14193}
		{3CBF78D4-5918-33BF-921F-A8942423DEE1} = {CB266004-2463-A75D-E204-76F1495722FC}
		{612030E2-8EF0-46D6-B941-5736E7BB3056} = {3CBF78D4-5918-33BF-921F-A8942423DEE1}
		{ACCF91EF-9E60-429C-A7E9-A73D41BAA18A} = {3CBF78D4-5918-33BF-921F-A8942423DEE1}
		{7988FC08-74BD-4235-817F-1D9F47CDE5D2} = {3CBF78D4-5918-33BF-921F-A8942423DEE1}
		{42F447F0-0186-4ADE-BF30-984846591F74} = {3CBF78D4-5918-33BF-921F-A8942423DEE1}
		{38B7ED5C-1D7D-4BE5-B8BA-4EBDE065DECB} = {38F165E2-C6B5-40A3-A11B-F0F425CB91F4}
		{B2A7C16D-7F6C-5550-92D9-0AA9CAAAE2D0} = {CB266004-2463-A75D-E204-76F1495722FC}
		{FE92B8E2-9249-4F52-AC69-7B7F6AC4A0B8} = {B2A7C16D-7F6C-5550-92D9-0AA9CAAAE2D0}
		{911DC3AB-5F77-42BB-88CC-C4C0229DB273} = {B2A7C16D-7F6C-5550-92D9-0AA9CAAAE2D0}
		{220046E6-B0AE-4060-BC07-76CAA73E7B31} = {B2A7C16D-7F6C-5550-92D9-0AA9CAAAE2D0}
		{EE33A383-49BD-4BC9-8797-01EC0E4CA564} = {B2A7C16D-7F6C-5550-92D9-0AA9CAAAE2D0}
		{18976A83-19F2-46B2-845F-5618E2DBC604} = {38F165E2-C6B5-40A3-A11B-F0F425CB91F4}
		{BC090F7A-F550-44B1-A52D-C27237D343BA} = {1535D0F2-287C-4E77-9D28-9D0533C809C2}
		{B207C356-3C5F-43B7-8A0E-C1895D24F5E9} = {1535D0F2-287C-4E77-9D28-9D0533C809C2}
	EndGlobalSection
	GlobalSection(ExtensibilityGlobals) = postSolution
		SolutionGuid = {B36531BC-69D4-46B0-A857-CDFED8249D5C}
	EndGlobalSection
EndGlobal
